{
  "name": "tb",
  "version": "1.0.0",
  "lockfileVersion": 3,
  "requires": true,
  "packages": {
    "": {
      "name": "tb",
      "version": "1.0.0",
      "license": "ISC",
      "dependencies": {
        "tigerbeetle-node": "0.16.11"
      }
    },
    "node_modules/tigerbeetle-node": {
      "version": "0.16.11",
      "resolved": "https://registry.npmjs.org/tigerbeetle-node/-/tigerbeetle-node-0.16.11.tgz",
      "integrity": "sha512-cdS8nV90wJxCuOHKpRu92f7E8Qby0m2XSJglSSnWo4NsvOMgYhXf2siBXjIBVXvT0DaDhc296rDXBm4FAskvag==",
      "license": "Apache-2.0",
      "engines": {
        "node": ">=14.0.0"
      }
    }
  }
}
